
Microsoft Visual Studio Solution File, Format Version 12.00
# Visual Studio Version 17
VisualStudioVersion = 17.7.34024.191
MinimumVisualStudioVersion = 10.0.40219.1
Project("{FAE04EC0-301F-11D3-BF4B-00C04F79EFBC}") = "4", "4.csproj", "{1548B590-7655-4FAB-8606-FA9D9EB3A4CD}"
EndProject
Global
	GlobalSection(SolutionConfigurationPlatforms) = preSolution
		Debug|Any CPU = Debug|Any CPU
		Release|Any CPU = Release|Any CPU
	EndGlobalSection
	GlobalSection(ProjectConfigurationPlatforms) = postSolution
		{1548B590-7655-4FAB-8606-FA9D9EB3A4CD}.Debug|Any CPU.ActiveCfg = Debug|Any CPU
		{1548B590-7655-4FAB-8606-FA9D9EB3A4CD}.Debug|Any CPU.Build.0 = Debug|Any CPU
		{1548B590-7655-4FAB-8606-FA9D9EB3A4CD}.Release|Any CPU.ActiveCfg = Release|Any CPU
		{1548B590-7655-4FAB-8606-FA9D9EB3A4CD}.Release|Any CPU.Build.0 = Release|Any CPU
	EndGlobalSection
	GlobalSection(SolutionProperties) = preSolution
		HideSolutionNode = FALSE
	EndGlobalSection
	GlobalSection(ExtensibilityGlobals) = postSolution
		SolutionGuid = {A9150156-D878-4A82-BD8B-6AC1801D56A3}
	EndGlobalSection
EndGlobal
